{
  "name": "diligent-academy-javascript-1-async",
  "version": "1.0.0",
  "lockfileVersion": 3,
  "requires": true,
  "packages": {
    "": {
      "name": "diligent-academy-javascript-1-async",
      "version": "1.0.0",
      "license": "ISC",
      "dependencies": {
        "diligent-academy-javascript-1-async": "file:"
      }
    },
    "node_modules/diligent-academy-javascript-1-async": {
      "resolved": "",
      "link": true
    }
  }
}
